
Microsoft Visual Studio Solution File, Format Version 12.00
# Visual Studio Version 16
VisualStudioVersion = 16.0.32002.261
MinimumVisualStudioVersion = 10.0.40219.1
Project("{FAE04EC0-301F-11D3-BF4B-00C04F79EFBC}") = "kiemtralan1", "kiemtralan1\kiemtralan1.csproj", "{EB7FFC90-64F5-415D-A1F0-3FD246F68DF7}"
EndProject
Global
	GlobalSection(SolutionConfigurationPlatforms) = preSolution
		Debug|Any CPU = Debug|Any CPU
		Release|Any CPU = Release|Any CPU
	EndGlobalSection
	GlobalSection(ProjectConfigurationPlatforms) = postSolution
		{EB7FFC90-64F5-415D-A1F0-3FD246F68DF7}.Debug|Any CPU.ActiveCfg = Debug|Any CPU
		{EB7FFC90-64F5-415D-A1F0-3FD246F68DF7}.Debug|Any CPU.Build.0 = Debug|Any CPU
		{EB7FFC90-64F5-415D-A1F0-3FD246F68DF7}.Release|Any CPU.ActiveCfg = Release|Any CPU
		{EB7FFC90-64F5-415D-A1F0-3FD246F68DF7}.Release|Any CPU.Build.0 = Release|Any CPU
	EndGlobalSection
	GlobalSection(SolutionProperties) = preSolution
		HideSolutionNode = FALSE
	EndGlobalSection
	GlobalSection(ExtensibilityGlobals) = postSolution
		SolutionGuid = {2BF8C50A-D755-489C-94CF-BFA95B593AE7}
	EndGlobalSection
EndGlobal
