
Microsoft Visual Studio Solution File, Format Version 12.00
# Visual Studio Version 16
VisualStudioVersion = 16.0.32002.261
MinimumVisualStudioVersion = 10.0.40219.1
Project("{9A19103F-16F7-4668-BE54-9A1E7A4F7556}") = "bai59", "bại59\bai59.csproj", "{29EF8BE4-53F3-497E-B736-5679480A9130}"
EndProject
Global
	GlobalSection(SolutionConfigurationPlatforms) = preSolution
		Debug|Any CPU = Debug|Any CPU
		Release|Any CPU = Release|Any CPU
	EndGlobalSection
	GlobalSection(ProjectConfigurationPlatforms) = postSolution
		{29EF8BE4-53F3-497E-B736-5679480A9130}.Debug|Any CPU.ActiveCfg = Debug|Any CPU
		{29EF8BE4-53F3-497E-B736-5679480A9130}.Debug|Any CPU.Build.0 = Debug|Any CPU
		{29EF8BE4-53F3-497E-B736-5679480A9130}.Release|Any CPU.ActiveCfg = Release|Any CPU
		{29EF8BE4-53F3-497E-B736-5679480A9130}.Release|Any CPU.Build.0 = Release|Any CPU
	EndGlobalSection
	GlobalSection(SolutionProperties) = preSolution
		HideSolutionNode = FALSE
	EndGlobalSection
	GlobalSection(ExtensibilityGlobals) = postSolution
		SolutionGuid = {99EA1608-E96C-4DCB-A887-3F396F535216}
	EndGlobalSection
EndGlobal
