
Microsoft Visual Studio Solution File, Format Version 12.00
# Visual Studio Version 16
VisualStudioVersion = 16.0.32002.261
MinimumVisualStudioVersion = 10.0.40219.1
Project("{9A19103F-16F7-4668-BE54-9A1E7A4F7556}") = "bai66", "bai65\bai66.csproj", "{7E9DEC9C-1334-4F16-9E19-46C4A2D844DD}"
EndProject
Global
	GlobalSection(SolutionConfigurationPlatforms) = preSolution
		Debug|Any CPU = Debug|Any CPU
		Release|Any CPU = Release|Any CPU
	EndGlobalSection
	GlobalSection(ProjectConfigurationPlatforms) = postSolution
		{7E9DEC9C-1334-4F16-9E19-46C4A2D844DD}.Debug|Any CPU.ActiveCfg = Debug|Any CPU
		{7E9DEC9C-1334-4F16-9E19-46C4A2D844DD}.Debug|Any CPU.Build.0 = Debug|Any CPU
		{7E9DEC9C-1334-4F16-9E19-46C4A2D844DD}.Release|Any CPU.ActiveCfg = Release|Any CPU
		{7E9DEC9C-1334-4F16-9E19-46C4A2D844DD}.Release|Any CPU.Build.0 = Release|Any CPU
	EndGlobalSection
	GlobalSection(SolutionProperties) = preSolution
		HideSolutionNode = FALSE
	EndGlobalSection
	GlobalSection(ExtensibilityGlobals) = postSolution
		SolutionGuid = {70A15644-ED4C-457F-9FFD-DF7BF9DFEBFC}
	EndGlobalSection
EndGlobal
