
Microsoft Visual Studio Solution File, Format Version 12.00
# Visual Studio Version 16
VisualStudioVersion = 16.0.32002.261
MinimumVisualStudioVersion = 10.0.40219.1
Project("{FAE04EC0-301F-11D3-BF4B-00C04F79EFBC}") = "bai60", "bai60\bai60.csproj", "{0BC6E93E-0E45-4CE6-88FC-C65CD500D5B2}"
EndProject
Global
	GlobalSection(SolutionConfigurationPlatforms) = preSolution
		Debug|Any CPU = Debug|Any CPU
		Release|Any CPU = Release|Any CPU
	EndGlobalSection
	GlobalSection(ProjectConfigurationPlatforms) = postSolution
		{0BC6E93E-0E45-4CE6-88FC-C65CD500D5B2}.Debug|Any CPU.ActiveCfg = Debug|Any CPU
		{0BC6E93E-0E45-4CE6-88FC-C65CD500D5B2}.Debug|Any CPU.Build.0 = Debug|Any CPU
		{0BC6E93E-0E45-4CE6-88FC-C65CD500D5B2}.Release|Any CPU.ActiveCfg = Release|Any CPU
		{0BC6E93E-0E45-4CE6-88FC-C65CD500D5B2}.Release|Any CPU.Build.0 = Release|Any CPU
	EndGlobalSection
	GlobalSection(SolutionProperties) = preSolution
		HideSolutionNode = FALSE
	EndGlobalSection
	GlobalSection(ExtensibilityGlobals) = postSolution
		SolutionGuid = {BF2F472A-24CF-40E8-8211-4CF348B5082E}
	EndGlobalSection
EndGlobal
